
Microsoft Visual Studio Solution File, Format Version 12.00
# Visual Studio Version 17
VisualStudioVersion = 17.2.32505.173
MinimumVisualStudioVersion = 10.0.40219.1
Project("{9A19103F-16F7-4668-BE54-9A1E7A4F7556}") = "AeroHubBlazorServer", "AeroHubBlazorServer\AeroHubBlazorServer.csproj", "{5CC88BB3-A649-4753-9E49-F02BBE849153}"
EndProject
Project("{FAE04EC0-301F-11D3-BF4B-00C04F79EFBC}") = "AeroHubStorageAPI", "AeroHubStorageAPI\AeroHubStorageAPI.csproj", "{16D50248-0917-4646-887C-9A71EB27E083}"
EndProject
Global
	GlobalSection(SolutionConfigurationPlatforms) = preSolution
		Debug|Any CPU = Debug|Any CPU
		Release|Any CPU = Release|Any CPU
	EndGlobalSection
	GlobalSection(ProjectConfigurationPlatforms) = postSolution
		{5CC88BB3-A649-4753-9E49-F02BBE849153}.Debug|Any CPU.ActiveCfg = Debug|Any CPU
		{5CC88BB3-A649-4753-9E49-F02BBE849153}.Debug|Any CPU.Build.0 = Debug|Any CPU
		{5CC88BB3-A649-4753-9E49-F02BBE849153}.Release|Any CPU.ActiveCfg = Release|Any CPU
		{5CC88BB3-A649-4753-9E49-F02BBE849153}.Release|Any CPU.Build.0 = Release|Any CPU
		{16D50248-0917-4646-887C-9A71EB27E083}.Debug|Any CPU.ActiveCfg = Debug|Any CPU
		{16D50248-0917-4646-887C-9A71EB27E083}.Debug|Any CPU.Build.0 = Debug|Any CPU
		{16D50248-0917-4646-887C-9A71EB27E083}.Release|Any CPU.ActiveCfg = Release|Any CPU
		{16D50248-0917-4646-887C-9A71EB27E083}.Release|Any CPU.Build.0 = Release|Any CPU
	EndGlobalSection
	GlobalSection(SolutionProperties) = preSolution
		HideSolutionNode = FALSE
	EndGlobalSection
	GlobalSection(ExtensibilityGlobals) = postSolution
		SolutionGuid = {B1E30F37-8FCE-49E6-9FF9-0964A12FCDC1}
	EndGlobalSection
EndGlobal
